
Microsoft Visual Studio Solution File, Format Version 12.00
# Visual Studio Version 16
VisualStudioVersion = 25.0.1705.1
MinimumVisualStudioVersion = 10.0.40219.1
Project("{FAE04EC0-301F-11D3-BF4B-00C04F79EFBC}") = "HelloNet", "HelloNet\HelloNet.csproj", "{BE4932EA-4E03-47A6-8E53-8CB62165EFE4}"
EndProject
Project("{FAE04EC0-301F-11D3-BF4B-00C04F79EFBC}") = "Tests", "Tests\Tests.csproj", "{9FFC1733-1FD4-4298-8465-41513E56DED1}"
EndProject
Global
	GlobalSection(SolutionConfigurationPlatforms) = preSolution
		Debug|Any CPU = Debug|Any CPU
		Release|Any CPU = Release|Any CPU
	EndGlobalSection
	GlobalSection(ProjectConfigurationPlatforms) = postSolution
		{BE4932EA-4E03-47A6-8E53-8CB62165EFE4}.Debug|Any CPU.ActiveCfg = Debug|Any CPU
		{BE4932EA-4E03-47A6-8E53-8CB62165EFE4}.Debug|Any CPU.Build.0 = Debug|Any CPU
		{BE4932EA-4E03-47A6-8E53-8CB62165EFE4}.Release|Any CPU.ActiveCfg = Release|Any CPU
		{BE4932EA-4E03-47A6-8E53-8CB62165EFE4}.Release|Any CPU.Build.0 = Release|Any CPU
		{9FFC1733-1FD4-4298-8465-41513E56DED1}.Debug|Any CPU.ActiveCfg = Debug|Any CPU
		{9FFC1733-1FD4-4298-8465-41513E56DED1}.Debug|Any CPU.Build.0 = Debug|Any CPU
		{9FFC1733-1FD4-4298-8465-41513E56DED1}.Release|Any CPU.ActiveCfg = Release|Any CPU
		{9FFC1733-1FD4-4298-8465-41513E56DED1}.Release|Any CPU.Build.0 = Release|Any CPU
	EndGlobalSection
	GlobalSection(SolutionProperties) = preSolution
		HideSolutionNode = FALSE
	EndGlobalSection
	GlobalSection(ExtensibilityGlobals) = postSolution
		SolutionGuid = {6043CD9A-E90E-4937-A751-A2855DBB2CED}
	EndGlobalSection
EndGlobal
